
Microsoft Visual Studio Solution File, Format Version 12.00
# Visual Studio Version 17
VisualStudioVersion = 17.11.35327.3
MinimumVisualStudioVersion = 10.0.40219.1
Project("{9A19103F-16F7-4668-BE54-9A1E7A4F7556}") = "Foody.EntityLayer", "Foody.EntityLayer\Foody.EntityLayer.csproj", "{5F098D2E-0275-4145-82F6-C9AD8FC886B6}"
EndProject
Project("{9A19103F-16F7-4668-BE54-9A1E7A4F7556}") = "Foody.DataAccessLayer", "Foody.DataAccessLayer\Foody.DataAccessLayer.csproj", "{76D59B7A-7E4C-457F-B5F1-307493B0BCD4}"
EndProject
Project("{FAE04EC0-301F-11D3-BF4B-00C04F79EFBC}") = "Foody.BusinessLayer", "Foody.BusinessLayer\Foody.BusinessLayer.csproj", "{07980A8B-99F4-4452-B7A3-4C942D64B984}"
EndProject
Project("{FAE04EC0-301F-11D3-BF4B-00C04F79EFBC}") = "Foody.PresentationLayer", "Foody.PresentationLayer\Foody.PresentationLayer.csproj", "{BECE3E89-6316-4C32-BC12-467D103C634F}"
EndProject
Project("{FAE04EC0-301F-11D3-BF4B-00C04F79EFBC}") = "Foody.DtoLayer", "Foody.DtoLayer\Foody.DtoLayer.csproj", "{E4B010B7-0461-40CE-8F05-D387EF9E5741}"
EndProject
Global
	GlobalSection(SolutionConfigurationPlatforms) = preSolution
		Debug|Any CPU = Debug|Any CPU
		Release|Any CPU = Release|Any CPU
	EndGlobalSection
	GlobalSection(ProjectConfigurationPlatforms) = postSolution
		{5F098D2E-0275-4145-82F6-C9AD8FC886B6}.Debug|Any CPU.ActiveCfg = Debug|Any CPU
		{5F098D2E-0275-4145-82F6-C9AD8FC886B6}.Debug|Any CPU.Build.0 = Debug|Any CPU
		{5F098D2E-0275-4145-82F6-C9AD8FC886B6}.Release|Any CPU.ActiveCfg = Release|Any CPU
		{5F098D2E-0275-4145-82F6-C9AD8FC886B6}.Release|Any CPU.Build.0 = Release|Any CPU
		{76D59B7A-7E4C-457F-B5F1-307493B0BCD4}.Debug|Any CPU.ActiveCfg = Debug|Any CPU
		{76D59B7A-7E4C-457F-B5F1-307493B0BCD4}.Debug|Any CPU.Build.0 = Debug|Any CPU
		{76D59B7A-7E4C-457F-B5F1-307493B0BCD4}.Release|Any CPU.ActiveCfg = Release|Any CPU
		{76D59B7A-7E4C-457F-B5F1-307493B0BCD4}.Release|Any CPU.Build.0 = Release|Any CPU
		{07980A8B-99F4-4452-B7A3-4C942D64B984}.Debug|Any CPU.ActiveCfg = Debug|Any CPU
		{07980A8B-99F4-4452-B7A3-4C942D64B984}.Debug|Any CPU.Build.0 = Debug|Any CPU
		{07980A8B-99F4-4452-B7A3-4C942D64B984}.Release|Any CPU.ActiveCfg = Release|Any CPU
		{07980A8B-99F4-4452-B7A3-4C942D64B984}.Release|Any CPU.Build.0 = Release|Any CPU
		{BECE3E89-6316-4C32-BC12-467D103C634F}.Debug|Any CPU.ActiveCfg = Debug|Any CPU
		{BECE3E89-6316-4C32-BC12-467D103C634F}.Debug|Any CPU.Build.0 = Debug|Any CPU
		{BECE3E89-6316-4C32-BC12-467D103C634F}.Release|Any CPU.ActiveCfg = Release|Any CPU
		{BECE3E89-6316-4C32-BC12-467D103C634F}.Release|Any CPU.Build.0 = Release|Any CPU
		{E4B010B7-0461-40CE-8F05-D387EF9E5741}.Debug|Any CPU.ActiveCfg = Debug|Any CPU
		{E4B010B7-0461-40CE-8F05-D387EF9E5741}.Debug|Any CPU.Build.0 = Debug|Any CPU
		{E4B010B7-0461-40CE-8F05-D387EF9E5741}.Release|Any CPU.ActiveCfg = Release|Any CPU
		{E4B010B7-0461-40CE-8F05-D387EF9E5741}.Release|Any CPU.Build.0 = Release|Any CPU
	EndGlobalSection
	GlobalSection(SolutionProperties) = preSolution
		HideSolutionNode = FALSE
	EndGlobalSection
	GlobalSection(ExtensibilityGlobals) = postSolution
		SolutionGuid = {F4791891-5999-4DD2-8A7B-2458C34E3252}
	EndGlobalSection
EndGlobal
